
Microsoft Visual Studio Solution File, Format Version 11.00
# Visual C++ Express 2010
Project("{8BC9CEB8-8B4A-11D0-8D11-00A0C91BC942}") = "huffmantree", "huffmantree\huffmantree.vcxproj", "{02B60089-0C5D-4ED0-B2A0-4224A5EED43F}"
EndProject
Global
	GlobalSection(SolutionConfigurationPlatforms) = preSolution
		Debug|Win32 = Debug|Win32
		Release|Win32 = Release|Win32
	EndGlobalSection
	GlobalSection(ProjectConfigurationPlatforms) = postSolution
		{02B60089-0C5D-4ED0-B2A0-4224A5EED43F}.Debug|Win32.ActiveCfg = Debug|Win32
		{02B60089-0C5D-4ED0-B2A0-4224A5EED43F}.Debug|Win32.Build.0 = Debug|Win32
		{02B60089-0C5D-4ED0-B2A0-4224A5EED43F}.Release|Win32.ActiveCfg = Release|Win32
		{02B60089-0C5D-4ED0-B2A0-4224A5EED43F}.Release|Win32.Build.0 = Release|Win32
	EndGlobalSection
	GlobalSection(SolutionProperties) = preSolution
		HideSolutionNode = FALSE
	EndGlobalSection
EndGlobal
